{
  "version": "2",
  "remote": {
    "https://deno.land/std@0.180.0/fmt/colors.ts": "938c5d44d889fb82eff6c358bea8baa7e85950a16c9f6dae3ec3a7a729164471",
    "https://deno.land/std@0.180.0/testing/_diff.ts": "1a3c044aedf77647d6cac86b798c6417603361b66b54c53331b312caeb447aea",
    "https://deno.land/std@0.180.0/testing/_format.ts": "a69126e8a469009adf4cf2a50af889aca364c349797e63174884a52ff75cf4c7",
    "https://deno.land/std@0.180.0/testing/asserts.ts": "984ab0bfb3faeed92ffaa3a6b06536c66811185328c5dd146257c702c41b01ab",
    "https://esm.sh/mdast-util-to-markdown@1.5.0": "acd55ee04f8e4a64303a8e76d6a0ebf47795d772706b4aea7c3dccff679c0e37",
    "https://esm.sh/mdast-util-to-string@3.2.0": "74396ae4aa5ae642e8c9caa8510bc015ae5b8f7439caee1240706bd691724c03",
    "https://esm.sh/rehype-stringify@9.0.3": "0dde9291cbe35c5f450234d893da5273339fcc9ece9f344593f5162bb4b53515",
    "https://esm.sh/remark-frontmatter@4.0.1": "7f44ddca8a4012097751cee09dd24a7ec47e3b667765f620cb2f1beb2d7d2e17",
    "https://esm.sh/remark-gfm@3.0.1": "ad1aff0f93b93bbc88ecbed821fbd306ae2299806a5c7ab61b2cc0045e258306",
    "https://esm.sh/remark-parse@10.0.1": "1383c5a5b28edcd1ab8174c68c755df6fcb57ce465f0aa8acc0a36b3db3996db",
    "https://esm.sh/remark-rehype@10.1.0": "6e98c470de12a1c68c4bb294776817ea8e974548649dded8cb16913efce08f99",
    "https://esm.sh/remark-stringify@10.0.2": "8854e4ffde21b0f3b3d2e4e9e0a9aeb1947002943e59dffaa0357f9b6ae4f4ce",
    "https://esm.sh/unified@10.1.2": "bcf98e159bcf4dfe421624d21a95706b0b7e97c65d1a5c248d29b57e48d53f00",
    "https://esm.sh/v115/@types/hast@2.3.4/index.d.ts": "e42bad04c7d6a4a3a33aa0c44de1f841bc7fe7513fcd3970502d1de330452799",
    "https://esm.sh/v115/@types/mdast@3.0.11/index.d.ts": "222e0162651d7a75e38c66feb513915efd04cc162f16b0928f2a62368cac33a7",
    "https://esm.sh/v115/@types/mdast@3.0.11/index~.d.ts": "222e0162651d7a75e38c66feb513915efd04cc162f16b0928f2a62368cac33a7",
    "https://esm.sh/v115/@types/unist@2.0.6/index.d.ts": "cddf5c26907c0b8378bc05543161c11637b830da9fadf59e02a11e675d11e180",
    "https://esm.sh/v115/bail@2.0.2/deno/bail.mjs": "897b5be388f775e3a5a9f36d3ed7c38de32cd9f991994a7a00cabd6884d58ff8",
    "https://esm.sh/v115/ccount@2.0.1/deno/ccount.mjs": "21d207b2b00ceb2383dc6a37ce2a7e2a6db2759407e2250781f467e5126a7b4f",
    "https://esm.sh/v115/character-entities-html4@2.1.0/deno/character-entities-html4.mjs": "7c350ef69b23b17aa625d7d60a08c12acbdd4b9b76aaf43963c108dbd3a4d318",
    "https://esm.sh/v115/character-entities-legacy@3.0.0/deno/character-entities-legacy.mjs": "97477907842be56209f2b831f2ad730966ad7a5501698614e0dd46ab1261bcbf",
    "https://esm.sh/v115/character-entities@2.0.2/deno/character-entities.mjs": "ca3579205b267c92e2b886e2955be80c859b0076015f115ecbaaa353c035fd62",
    "https://esm.sh/v115/comma-separated-tokens@2.0.3/deno/comma-separated-tokens.mjs": "8ca120a71faee441809116d2718cbd277d3d9428a2bf0732f65edc7587133667",
    "https://esm.sh/v115/decode-named-character-reference@1.0.2/deno/decode-named-character-reference.mjs": "5411adaf3ceb4da7cbf66579b49375f70365092c421b2aba25c9ce35b61b2b80",
    "https://esm.sh/v115/escape-string-regexp@5.0.0/deno/escape-string-regexp.mjs": "2fff2bb22b972451b372a06cb22abde34de4bfdc0e20ec43741021e7fde4c8b5",
    "https://esm.sh/v115/extend@3.0.2/deno/extend.mjs": "327e52749bd169097e39ea36f62c93711ece894956d09f83870d17506dbd7327",
    "https://esm.sh/v115/fault@2.0.1/deno/fault.mjs": "8d0967cb47846616fab3a2d92f90fbd371fe78c5724c1fcaf2e47b517ffc97c9",
    "https://esm.sh/v115/format@0.2.2/deno/format.mjs": "0c04f8022bb97022c9d9750c704f145576fa1f90764dd325d82e894705cc3978",
    "https://esm.sh/v115/hast-util-raw@7.2.3/complex-types.d.ts": "ac060d4217cb7d3ef4f4e0226196015bede50cbfd8b1872c18493d839bea9663",
    "https://esm.sh/v115/hast-util-to-html@8.0.4/deno/hast-util-to-html.mjs": "816c4e73c3d30dcbef5e120256fe0a8298da641d0097556ffd95989c872c7c14",
    "https://esm.sh/v115/hast-util-to-html@8.0.4/index.d.ts": "7d38ef543744aa80cf4f56d6b6225b8b4bc5ee86eb22d5f1f4c96f254914c5aa",
    "https://esm.sh/v115/hast-util-to-html@8.0.4/lib/index.d.ts": "054dc51afa9eb7c181ae78a5ce01731dd201bdc3f1379a3197ce1d5ad72f0d84",
    "https://esm.sh/v115/hast-util-to-html@8.0.4/lib/types.d.ts": "22fcecc4f1b778aade488350ead10e0c8d819268b85cda131a8b5ddedb107a44",
    "https://esm.sh/v115/hast-util-whitespace@2.0.1/deno/hast-util-whitespace.mjs": "fce987621a4323b318bc72b13f09ba782d4301e7433ee1d4a1e5aded60360d93",
    "https://esm.sh/v115/html-void-elements@2.0.1/deno/html-void-elements.mjs": "2bd1dbdc09103d05108aa0e5971c2a570416182220b895b077d08b958c3abeb2",
    "https://esm.sh/v115/is-buffer@2.0.5/deno/is-buffer.mjs": "1cfa15d2355bf7ecab10bcc91bf9b0436cc720f1fdc11cf9a427edcd9410c204",
    "https://esm.sh/v115/is-plain-obj@4.1.0/deno/is-plain-obj.mjs": "477c367ad06d54a6539fb11b2d888a605a203700776633c31ea7c6363c04b50e",
    "https://esm.sh/v115/longest-streak@3.1.0/deno/longest-streak.mjs": "decc1c95cda6ba6a124093e4557de8c8949cbe0821f92cbfcfd74bbc9bde4794",
    "https://esm.sh/v115/markdown-table@3.0.3/deno/markdown-table.mjs": "da67682e0275b8779bb5835d6debec160690e097f3111d0784630ce6dead2e66",
    "https://esm.sh/v115/markdown-table@3.0.3/index.d.ts": "d6fdaeb6f1e4e29d7827e30d743dfef5cb6c8bca4bc546001a3b3e751a2de06c",
    "https://esm.sh/v115/mdast-util-definitions@5.1.2/deno/mdast-util-definitions.mjs": "ed80d95854f1bc30416d74a2b3e8e249be889a8e47d0d0087931cf4b84eaa283",
    "https://esm.sh/v115/mdast-util-find-and-replace@2.2.2/deno/mdast-util-find-and-replace.mjs": "f10c958522af177eded96fede057a007bef0fad9fb7988d9ec715fe22ea227a7",
    "https://esm.sh/v115/mdast-util-from-markdown@1.3.0/deno/lib/index.js": "0a2b2238186acc7ead3113c418773d888d3ef38244879b07f19ffdbfecd9aefa",
    "https://esm.sh/v115/mdast-util-from-markdown@1.3.0/deno/mdast-util-from-markdown.mjs": "676472c09d8bd3fd6dadca9a158691834a2eb23cca7b19a4992b4e9d2715deb1",
    "https://esm.sh/v115/mdast-util-from-markdown@1.3.0/index.d.ts": "af7076b2fee9a614d9a967f635907612358dbbdc5c0b1ea4b4aa43f4630cff2f",
    "https://esm.sh/v115/mdast-util-from-markdown@1.3.0/lib/index": "0ce6cdf2c60a68e7c855eaa41e8f43f7ac18fe09ad2561acff1e36a63b2e501e",
    "https://esm.sh/v115/mdast-util-from-markdown@1.3.0/lib/index.d.ts": "b82824d2ba4d04170d165aab656733341c27eccc7fbb9109242805960f24bf4c",
    "https://esm.sh/v115/mdast-util-frontmatter@1.0.1/deno/mdast-util-frontmatter.mjs": "86629b68d3f49b68b6ff780f5d0190645de39bc9e9bc1ec61734d59c0378333e",
    "https://esm.sh/v115/mdast-util-gfm-autolink-literal@1.0.3/deno/mdast-util-gfm-autolink-literal.mjs": "e97238a6564c034bc6a05c034bafb7a67d869d093b68e75cb68db0cecc19e78f",
    "https://esm.sh/v115/mdast-util-gfm-footnote@1.0.2/deno/mdast-util-gfm-footnote.mjs": "9a018271215f09550c38b3ae2a1f910a09fef1295fcd2a9564b7e811e771b784",
    "https://esm.sh/v115/mdast-util-gfm-strikethrough@1.0.3/deno/mdast-util-gfm-strikethrough.mjs": "65a3ebc4b5b7797fb98c626f845dda9c97fe43f65257ec6e026ca9e0e8d38ac2",
    "https://esm.sh/v115/mdast-util-gfm-table@1.0.7/deno/mdast-util-gfm-table.mjs": "88251fd3ddd764329d9c1d067be59413ea5c031c70172c3981910665087149e0",
    "https://esm.sh/v115/mdast-util-gfm-table@1.0.7/index.d.ts": "740c412d1718fbe4c76549b3bd82298c94458eceec69f9c70981d0caa42754ed",
    "https://esm.sh/v115/mdast-util-gfm-table@1.0.7/lib/index.d.ts": "1750a5797879393727e084fc345ec9bade621acab003ec28ce3ced07b2b83af1",
    "https://esm.sh/v115/mdast-util-gfm-task-list-item@1.0.2/deno/mdast-util-gfm-task-list-item.mjs": "9c7ea952cfcb6b520a2a97795aa26e1910339dbb2ede5fa4b1ca78cc36c3d819",
    "https://esm.sh/v115/mdast-util-gfm@2.0.2/deno/mdast-util-gfm.mjs": "2c13326a0cd315bbd9fe5000510ce2eb8ed5608fc20a0212995e725c9206c5d3",
    "https://esm.sh/v115/mdast-util-gfm@2.0.2/index.d.ts": "9a5fea095a9ba59fe3038060ca55772a688cc57ff77950053936c62ca342a8c7",
    "https://esm.sh/v115/mdast-util-gfm@2.0.2/lib/index.d.ts": "cd73a8209d2d037d8d02bcf9b73e551ac878c58a6ba79c561deb5104ddf58389",
    "https://esm.sh/v115/mdast-util-phrasing@3.0.1/deno/mdast-util-phrasing.mjs": "8be5ee1f9454fb60d0b21c82d99458b1076705643331756a840c76a268bc2fbc",
    "https://esm.sh/v115/mdast-util-to-hast@12.3.0/deno/mdast-util-to-hast.mjs": "b0ec384b148a36fabaad61af6b85b6be374376a176ee1ce305c7ed7aa17fbb09",
    "https://esm.sh/v115/mdast-util-to-hast@12.3.0/index.d.ts": "ad3f147ec43d855adb2f0973cbc9223d7ad5f57fcf8329ab7b7593517de22665",
    "https://esm.sh/v115/mdast-util-to-hast@12.3.0/lib/handlers/blockquote.d.ts": "5dcde9bf4967d348865810373c99b2315df1389322c2c310b6bf803add4cd0b9",
    "https://esm.sh/v115/mdast-util-to-hast@12.3.0/lib/handlers/break.d.ts": "c3198e0fb29a65f40c106199e85efcad288357131f7ec343b7d644e72eaa1286",
    "https://esm.sh/v115/mdast-util-to-hast@12.3.0/lib/handlers/code.d.ts": "9c7a5367782d7d208ed9588dbb60149d2cd61d9f04ec61ebf804ee83c78e783f",
    "https://esm.sh/v115/mdast-util-to-hast@12.3.0/lib/handlers/delete.d.ts": "5fb3beca84f30582d1f1f58222d7834658636dbfe9267e4181912ce1b75ec825",
    "https://esm.sh/v115/mdast-util-to-hast@12.3.0/lib/handlers/emphasis.d.ts": "25e83429e32030d7c30e97efb7502ec71f88153489d7f00baf54eab6f7e890f2",
    "https://esm.sh/v115/mdast-util-to-hast@12.3.0/lib/handlers/footnote-reference.d.ts": "c44451378d8f7bf0ed96e40bb30b8f333f86d074a202d0105f518766a9d4ecc5",
    "https://esm.sh/v115/mdast-util-to-hast@12.3.0/lib/handlers/footnote.d.ts": "bbb75dadc0c8a78439c8008bcbe3c0b01473d4edc19c5534f323d4ff8f8ad267",
    "https://esm.sh/v115/mdast-util-to-hast@12.3.0/lib/handlers/heading.d.ts": "cca669c39dafa797cd78529890607a69f915367252e437df722632a2743c824b",
    "https://esm.sh/v115/mdast-util-to-hast@12.3.0/lib/handlers/html.d.ts": "6f97973943282132e6b3fbc8ab35c972c9af4ab1cdf2d4cbb29abc22c8b29fa1",
    "https://esm.sh/v115/mdast-util-to-hast@12.3.0/lib/handlers/image-reference.d.ts": "bc507096e5e1d0fe72012c54b90d9537510464693383b46151d0f54644a742e2",
    "https://esm.sh/v115/mdast-util-to-hast@12.3.0/lib/handlers/image.d.ts": "65f1f4470afde26e8c1507568c0eccf52f51d4f04cd8851bc13c175533e211e6",
    "https://esm.sh/v115/mdast-util-to-hast@12.3.0/lib/handlers/index.d.ts": "9c51cffe4cbf5ea52e4dd02d6d0cbf72c045b7abb0e2ef750aa598887e8a3df4",
    "https://esm.sh/v115/mdast-util-to-hast@12.3.0/lib/handlers/inline-code.d.ts": "1f0c9a8521b4dd10480c52533fc910e1ef9d5053bc05fb4e82d9d33f6d6838b5",
    "https://esm.sh/v115/mdast-util-to-hast@12.3.0/lib/handlers/link-reference.d.ts": "7fa693756f7acbee9b5af4e2a70dab77ddbe1d772383c64b27877d56d4f3da17",
    "https://esm.sh/v115/mdast-util-to-hast@12.3.0/lib/handlers/link.d.ts": "27e165d72187ddf1d68feefc7dfcb883692668fd12e0e57aba4d4fcdac79e825",
    "https://esm.sh/v115/mdast-util-to-hast@12.3.0/lib/handlers/list-item.d.ts": "844bd4f8c8813e29c6177583beeb7e4763df3e71d2ac67dab443748176ef15af",
    "https://esm.sh/v115/mdast-util-to-hast@12.3.0/lib/handlers/list.d.ts": "b5c5774c542c710ffa00df389c8734cf6162a468c04520d37a7cd680cd1c06da",
    "https://esm.sh/v115/mdast-util-to-hast@12.3.0/lib/handlers/paragraph.d.ts": "c37723d6585890818e9b41b54593a354dbbb1c8c7d70f801883e287437e5bc29",
    "https://esm.sh/v115/mdast-util-to-hast@12.3.0/lib/handlers/root.d.ts": "49cdfe7641590efd55ba432858e90d7c7ab78858ce1d9107db0d02dab7bcd3ee",
    "https://esm.sh/v115/mdast-util-to-hast@12.3.0/lib/handlers/strong.d.ts": "a1e38eb6ceec18b4fdb3a77269f99202dda32a68514ab1a88a7db4259a5e67d9",
    "https://esm.sh/v115/mdast-util-to-hast@12.3.0/lib/handlers/table-cell.d.ts": "475e6131150efcc5a83d113a5e5de80c908fbc3cfea80d1cad3d795151db1e2b",
    "https://esm.sh/v115/mdast-util-to-hast@12.3.0/lib/handlers/table-row.d.ts": "5ae06d5ac77f2e0e118f65082ccee2f8cc052e2f961ad96aa3b7008b2fe25b75",
    "https://esm.sh/v115/mdast-util-to-hast@12.3.0/lib/handlers/table.d.ts": "32a257e194779156cfde9054cc01c47ee98d74a7ce97e8b22d1bdb2377db1761",
    "https://esm.sh/v115/mdast-util-to-hast@12.3.0/lib/handlers/text.d.ts": "3acedb332be31336e3708b5c899724bd37db3481ded8560232307bae34d40b68",
    "https://esm.sh/v115/mdast-util-to-hast@12.3.0/lib/handlers/thematic-break.d.ts": "3a3f3e489b0a4ed80aef971f1a67ac8bd95356b98f6be4ade775483e54434e9f",
    "https://esm.sh/v115/mdast-util-to-hast@12.3.0/lib/index.d.ts": "b34255774f05d8015d62e8a84f55924ae0063934a93bf91315b481ef473061f8",
    "https://esm.sh/v115/mdast-util-to-hast@12.3.0/lib/state.d.ts": "d52f17dee39619a8e2ba6c4468f2168109089a40a04c407f967ab779c3018df5",
    "https://esm.sh/v115/mdast-util-to-markdown@1.5.0/deno/lib/handle/inline-code.js": "9cd6f0e71cce9b5697ecfadb28852147c3fe8e3895dc6b3682ab59ea0b5561a3",
    "https://esm.sh/v115/mdast-util-to-markdown@1.5.0/deno/lib/handle/list-item.js": "891a27cb9bb162d796e578718d6e7b873d7ce9c0ef08f113d2d5e2ef7e6c5df8",
    "https://esm.sh/v115/mdast-util-to-markdown@1.5.0/deno/lib/util/association.js": "5787af1cb3a7c018d35e026f53d04975df55559151fa838bd5e7ee7e253ce395",
    "https://esm.sh/v115/mdast-util-to-markdown@1.5.0/deno/lib/util/check-bullet.js": "37bc5aa947fd2d717cfd8f42444943138f80a25f694c53243ecf8e18b45d0676",
    "https://esm.sh/v115/mdast-util-to-markdown@1.5.0/deno/lib/util/check-list-item-indent.js": "2a155d6e20a59d7b194ff234d745fd045df03916b9408c690449defc3164686e",
    "https://esm.sh/v115/mdast-util-to-markdown@1.5.0/deno/lib/util/container-flow.js": "718251daa8f81b84af29147f87f9d288acc9bfdde52545d8dbd3d95ae00e464e",
    "https://esm.sh/v115/mdast-util-to-markdown@1.5.0/deno/lib/util/container-phrasing.js": "8e79713099198bf96687a5b505f16ed491c25b35b1c064a90f026bd20050af52",
    "https://esm.sh/v115/mdast-util-to-markdown@1.5.0/deno/lib/util/indent-lines.js": "fb8c6418d1460fc9a42be635f07fea6db24cadc90b4422aa2c3d025822077829",
    "https://esm.sh/v115/mdast-util-to-markdown@1.5.0/deno/lib/util/pattern-compile.js": "5356bd889006cff0c1fa3f8a25fab67856d46be3e1f3490ad47b2ea52c4ca56f",
    "https://esm.sh/v115/mdast-util-to-markdown@1.5.0/deno/lib/util/pattern-in-scope.js": "f5bba3dc1535647690c19dbd0a56476584df70f74a5813b2ab261cb868a73696",
    "https://esm.sh/v115/mdast-util-to-markdown@1.5.0/deno/lib/util/safe.js": "55d1747438b9ee6f060833b1c635e2a0ead06af36e717a707702c6632527fe56",
    "https://esm.sh/v115/mdast-util-to-markdown@1.5.0/deno/lib/util/track.js": "294e490957b0e6a44aa0c7f1be0eddbd07169499e4811c15bae4ae9a375e20a7",
    "https://esm.sh/v115/mdast-util-to-markdown@1.5.0/deno/mdast-util-to-markdown.mjs": "85e0283a21e46f5cddc022bb6fa05d8f7964d92ab80037a946223106e1bdc90d",
    "https://esm.sh/v115/mdast-util-to-markdown@1.5.0/index.d.ts": "4ae65c60b771ce95470db3a6816ab150917250bcb982debcebeec0cfe4f75136",
    "https://esm.sh/v115/mdast-util-to-markdown@1.5.0/lib/handle/blockquote.d.ts": "f0d28bf01305af63f696af6decfe4e5111f9a4c7cae53e07ae26b2aeabb41f3a",
    "https://esm.sh/v115/mdast-util-to-markdown@1.5.0/lib/handle/break.d.ts": "44a3bebefaf8e6792d5a5a04a87f7968a93535f9378062a591eb305c8a8c23f8",
    "https://esm.sh/v115/mdast-util-to-markdown@1.5.0/lib/handle/code.d.ts": "bbaf3a4551c8dcc7cda310c3a012c9f1e6735a7e9503d49eed24b539d7615461",
    "https://esm.sh/v115/mdast-util-to-markdown@1.5.0/lib/handle/definition.d.ts": "a1082e0d21290dac4f28967c34d632dcd197442aba04cac333d0e36d5612be04",
    "https://esm.sh/v115/mdast-util-to-markdown@1.5.0/lib/handle/emphasis.d.ts": "2c353925b7406bd0dd6f4e7f2eb198abfe23518ad0140479c60e0eec380ff7cf",
    "https://esm.sh/v115/mdast-util-to-markdown@1.5.0/lib/handle/heading.d.ts": "ecf0137c2b7b9de003630740ceeaf924a2e0187a396c7867b66a005d41da4f83",
    "https://esm.sh/v115/mdast-util-to-markdown@1.5.0/lib/handle/html.d.ts": "6024ec853b753337a76648eda7b9b95f176349050d3222b556aa82f392e64371",
    "https://esm.sh/v115/mdast-util-to-markdown@1.5.0/lib/handle/image-reference.d.ts": "f9c4b4e566e80568c00f4de0c04cd001f7424443bf631107bdd3d958076d3034",
    "https://esm.sh/v115/mdast-util-to-markdown@1.5.0/lib/handle/image.d.ts": "971d5a021b69c4b237e37c1a81b6d007e6533801fe5ea46788db7de8107414eb",
    "https://esm.sh/v115/mdast-util-to-markdown@1.5.0/lib/handle/index.d.ts": "9603f45f09b41807962e338d1fbaf496d25575463c08e61b11bcddbad052d10d",
    "https://esm.sh/v115/mdast-util-to-markdown@1.5.0/lib/handle/inline-code.d.ts": "315323745a1985da5fadc5182f67fa5f00c814127006d3070497f81826d92d32",
    "https://esm.sh/v115/mdast-util-to-markdown@1.5.0/lib/handle/link-reference.d.ts": "ff2786f2b479bf1b229c605d5a9cb002c5290b06c193cfb6e5df38e75cd38008",
    "https://esm.sh/v115/mdast-util-to-markdown@1.5.0/lib/handle/link.d.ts": "94e139594200bbd780af6f64d83c49d69a05b96833eb0592a1f6c16e41859b00",
    "https://esm.sh/v115/mdast-util-to-markdown@1.5.0/lib/handle/list-item.d.ts": "19ee4cbcd880429b002747bd5ab213518cb64afac904fed1f316449975ddcf52",
    "https://esm.sh/v115/mdast-util-to-markdown@1.5.0/lib/handle/list.d.ts": "97a3f2a328ab33019abafe0159a9e1cb04c7b17538fa0eab723f8cb4e547bb7d",
    "https://esm.sh/v115/mdast-util-to-markdown@1.5.0/lib/handle/paragraph.d.ts": "aa4d31352959cab359d735d92a4148299aee940e1b2a98529549cf6dcf987f01",
    "https://esm.sh/v115/mdast-util-to-markdown@1.5.0/lib/handle/root.d.ts": "4e56576d7ce5b9279fb4e37cdd58f2c76f232da43cca6663118d99998ebf1828",
    "https://esm.sh/v115/mdast-util-to-markdown@1.5.0/lib/handle/strong.d.ts": "629d88d21a98e21ab1fe218491df219f556578ae99ac808325889d96157e2208",
    "https://esm.sh/v115/mdast-util-to-markdown@1.5.0/lib/handle/text.d.ts": "a5c6fb7c0266f457cde33c399f4c8f21a70f2408d7c3df5b1e235387a5e59c9b",
    "https://esm.sh/v115/mdast-util-to-markdown@1.5.0/lib/handle/thematic-break.d.ts": "fa2e1dc597ebf9cb5824765ada2967094cff3409b38930346ce298c9a7a9d0f7",
    "https://esm.sh/v115/mdast-util-to-markdown@1.5.0/lib/index.d.ts": "8d85391c069a2ea0c0779abc56e48347dd8a885d4fefe1d09f3cfa4a252e4bfd",
    "https://esm.sh/v115/mdast-util-to-markdown@1.5.0/lib/types.d.ts": "44d300e5ea3fe811d0b69e2d54eb7d4d56f50428080b22583ba6ab592f54f6e1",
    "https://esm.sh/v115/mdast-util-to-string@3.2.0/deno/mdast-util-to-string.mjs": "0f80ba3a4074f902acf34c8c800e53b959694db51b15ac39f4087beb0a08e1d4",
    "https://esm.sh/v115/mdast-util-to-string@3.2.0/index.d.ts": "1a3ddc4cf1d6ca879eff274a182d339203efdd9c937466d111f95f8e7dc24bea",
    "https://esm.sh/v115/mdast-util-to-string@3.2.0/lib/index.d.ts": "95064072ed87448ea9aee6cd51ea679565f48afcf030fbb721635f3bf473e70b",
    "https://esm.sh/v115/micromark-core-commonmark@1.0.6/deno/micromark-core-commonmark.mjs": "a40eb3f42052d073ff8e173ca65cd2d15b491d6e6f703b4cd6c0162de263dd74",
    "https://esm.sh/v115/micromark-extension-frontmatter@1.1.0/deno/matters.js": "5dea8f204d1cf87c1adae563a9785152cc2f8d216f35b002d772f03740d28a62",
    "https://esm.sh/v115/micromark-extension-frontmatter@1.1.0/deno/micromark-extension-frontmatter.mjs": "9d67c936bcb22ced9ff979b9d5fbd22236a17878ab9ce5b56cd2170ba7b34e95",
    "https://esm.sh/v115/micromark-extension-frontmatter@1.1.0/index.d.ts": "55a7ac3f435b7330b4b3eb8e5f8c6e38c94726af6fa52112efc835cd520b454b",
    "https://esm.sh/v115/micromark-extension-frontmatter@1.1.0/lib/html.d.ts": "1e61a1669ceed79905b7a19b000f64f81cc13621afed9356ebe3143b074ffe90",
    "https://esm.sh/v115/micromark-extension-frontmatter@1.1.0/lib/syntax.d.ts": "3154ad78764bc7b7d0765e708d8ea981f26aa2e9d8eff6395024ac0339b5364f",
    "https://esm.sh/v115/micromark-extension-frontmatter@1.1.0/matters.d.ts": "fa81d09d80cc4288c57f8b0c30892392fc9ea7b1d59c3126472f432cb8f305dc",
    "https://esm.sh/v115/micromark-extension-gfm-autolink-literal@1.0.3/deno/micromark-extension-gfm-autolink-literal.mjs": "1ff69a9c70a43dc7ab3f2a170b66892913590a8304e2d8776e408eba44e3f0cd",
    "https://esm.sh/v115/micromark-extension-gfm-footnote@1.1.0/deno/micromark-extension-gfm-footnote.mjs": "6ba2675a07fbcdd84b409e5cbc71599b80d60d439a63465c85171e165c35a058",
    "https://esm.sh/v115/micromark-extension-gfm-footnote@1.1.0/index.d.ts": "a65ad8ae1301c450719d9ceafad3c0dc566750d8cc4b67b8def5fafe8df12775",
    "https://esm.sh/v115/micromark-extension-gfm-footnote@1.1.0/lib/html.d.ts": "d2a95d7771a01e5060a712a6bf276608dffff33a3a499f13f1a6d26527360a30",
    "https://esm.sh/v115/micromark-extension-gfm-footnote@1.1.0/lib/syntax.d.ts": "b9047764b86ccf60dff5ae68bab43c4763da7d0b974ec22106684ee59e5fd412",
    "https://esm.sh/v115/micromark-extension-gfm-strikethrough@1.0.5/deno/micromark-extension-gfm-strikethrough.mjs": "1e122434e4dd51b00732bb726f4e61131e832e702f1b22711d3d373458cbdaf2",
    "https://esm.sh/v115/micromark-extension-gfm-strikethrough@1.0.5/index.d.ts": "af9ef81e4a775c469cbd104f987c740531fe7bf1f8287591c1769232a3751b09",
    "https://esm.sh/v115/micromark-extension-gfm-strikethrough@1.0.5/lib/html.d.ts": "7596cba89a724afa88fdc662021a0a626eb8c4416c2b5d00a90c1ff50d87435b",
    "https://esm.sh/v115/micromark-extension-gfm-strikethrough@1.0.5/lib/syntax.d.ts": "8c87c2d31d0bbbcc3a2de9d7f036e4c8c10d41f0111246856707ef2a6e163edd",
    "https://esm.sh/v115/micromark-extension-gfm-table@1.0.5/deno/micromark-extension-gfm-table.mjs": "b10df4ebc8a66f9293859f3c06c13b1ccf673bed61c719f8e2cb100a4ccf68a5",
    "https://esm.sh/v115/micromark-extension-gfm-tagfilter@1.0.2/deno/micromark-extension-gfm-tagfilter.mjs": "023c6427481f329ff5fa6f4781017461e5f84a71b6b6b2f4dbea9fadcbb86215",
    "https://esm.sh/v115/micromark-extension-gfm-task-list-item@1.0.4/deno/micromark-extension-gfm-task-list-item.mjs": "2d44e0270677cfe63fca3712f597a0a360c2df9294f36bed805b2512751c1183",
    "https://esm.sh/v115/micromark-extension-gfm@2.0.1/deno/micromark-extension-gfm.mjs": "ef95c433670101ff982a8a4088a4e2e26d99caeef54688c36f43a855227dbbad",
    "https://esm.sh/v115/micromark-extension-gfm@2.0.1/index.d.ts": "979eeea86c2e2a299d50a5b3da92289006fd2c30f46565e3cbb4d86b3416e1a8",
    "https://esm.sh/v115/micromark-factory-destination@1.0.0/deno/micromark-factory-destination.mjs": "a9b03890e07314cabd3f8976a74868f16d1ff0114095bf1f0c0adb3a6c1e3bca",
    "https://esm.sh/v115/micromark-factory-label@1.0.2/deno/micromark-factory-label.mjs": "3e0749039f75d6569f74f5d229bb78d03352ff62e0582a53ad6d70584c30d000",
    "https://esm.sh/v115/micromark-factory-space@1.0.0/deno/micromark-factory-space.mjs": "35a2545d6668474f8e28015dcb52286fd37aa41d76710d1cdc7bd032e1850560",
    "https://esm.sh/v115/micromark-factory-title@1.0.2/deno/micromark-factory-title.mjs": "6da4af1387f7d1ca76125d48d3e54713eb33354faf5935ef7cedb098903961da",
    "https://esm.sh/v115/micromark-factory-whitespace@1.0.0/deno/micromark-factory-whitespace.mjs": "3822ed153e52813a8bc65cc2b4303b2168b12b2c1a1be6ba0d793b9ef989e88c",
    "https://esm.sh/v115/micromark-util-character@1.1.0/deno/micromark-util-character.mjs": "0d63c1f80ea1101703b1411ebf23c287fa871256cf7d2d0f8195d619d2fc8907",
    "https://esm.sh/v115/micromark-util-chunked@1.0.0/deno/micromark-util-chunked.mjs": "76149463ad9b617b5447ebdb213f58db94763de86fcdb3dc91c73f546ec39fa0",
    "https://esm.sh/v115/micromark-util-classify-character@1.0.0/deno/micromark-util-classify-character.mjs": "27d8036021bfcc37d8231dc325f32f0e5343c864735f84eba37db6b3d928e00a",
    "https://esm.sh/v115/micromark-util-combine-extensions@1.0.0/deno/micromark-util-combine-extensions.mjs": "4ba02a73765b198228eaab1eed66c61bc360eacdb175e0e8a8df4fea6b6539ce",
    "https://esm.sh/v115/micromark-util-decode-numeric-character-reference@1.0.0/deno/micromark-util-decode-numeric-character-reference.mjs": "18b33d07491cb035c2e27a65027f2b31036d9ab0f152197a3eb71d9cdd880334",
    "https://esm.sh/v115/micromark-util-decode-string@1.0.2/deno/micromark-util-decode-string.mjs": "08ca43a3299acd1e03f977dc48997783530373db0e18f112ea2f4528ef3bb86c",
    "https://esm.sh/v115/micromark-util-encode@1.0.1/deno/micromark-util-encode.mjs": "6731a4e0bbd8fe3dc5431b7b2f1465a57a876d877688995ea10b9138a811bc19",
    "https://esm.sh/v115/micromark-util-html-tag-name@1.1.0/deno/micromark-util-html-tag-name.mjs": "091ddd5450961a4f04b20c6bc7c0d16cc20b8a0053c7173f678da5119f2bf5b0",
    "https://esm.sh/v115/micromark-util-normalize-identifier@1.0.0/deno/micromark-util-normalize-identifier.mjs": "fd29611d0a21c79431f1a9872f7a4882a2c7fea391f634156ae8ffe9e925a4ac",
    "https://esm.sh/v115/micromark-util-resolve-all@1.0.0/deno/micromark-util-resolve-all.mjs": "8f4fa1ce2a0ed3214fccf56b8587622a2c5324f610d60236ef3b9f6b71bad6ac",
    "https://esm.sh/v115/micromark-util-sanitize-uri@1.1.0/deno/micromark-util-sanitize-uri.mjs": "a14d6f42884b1da29c52a0b8b142475c7808aee4b5f8b6b7e657a4b27320e772",
    "https://esm.sh/v115/micromark-util-subtokenize@1.0.2/deno/micromark-util-subtokenize.mjs": "f2e852a4efa21391b76eab752cf59dfd036f06d2a64ccae52012f9d1723cb8c8",
    "https://esm.sh/v115/micromark-util-types@1.0.2/index.d.ts": "cce0134a9da5d93b08f4da07a18ca5bcb8f595216783bca8572182a928f0f03b",
    "https://esm.sh/v115/micromark@3.1.0/deno/lib/parse.js": "7cec4c49b4303e2247c409d4c664f29217c3e4bb466c4b95adfc6a6227ef6cd7",
    "https://esm.sh/v115/micromark@3.1.0/deno/lib/postprocess.js": "938d43867a4e4d03285e22dc53260396e4fd9db9636a1a65f7329c2d738679f5",
    "https://esm.sh/v115/micromark@3.1.0/deno/lib/preprocess.js": "5482d99884f83a064e84452d6b5478179d3b864b0f1f9e020265ca10d4994933",
    "https://esm.sh/v115/property-information@6.2.0/deno/property-information.mjs": "0b470a707b619bd0d4e5d6fbad5c614662f48d0fa53967df5a0d7fab33dde807",
    "https://esm.sh/v115/property-information@6.2.0/index.d.ts": "a9e5c5ec2c2f725d3076d5723936f9421b61aad61c70761a046887e78205faff",
    "https://esm.sh/v115/property-information@6.2.0/lib/find.d.ts": "946fb56407dd8761cb61b1670a6c7df7e12bd5ec4b543b23c627d6ed94d7ce6f",
    "https://esm.sh/v115/property-information@6.2.0/lib/hast-to-react.d.ts": "46ab5ea5cdbc0ce75ade44ec0d9aa164f81e42b061d8e573b832a73ed181da57",
    "https://esm.sh/v115/property-information@6.2.0/lib/normalize.d.ts": "d752d4dde165ab9bd56ddd111f59a6bf46eebbc6d4ba4e433f2ea21d1d0599e6",
    "https://esm.sh/v115/property-information@6.2.0/lib/util/info.d.ts": "7bd32cd2e05737c6a5041ca7a31ceca0c14ce065661c5d1ae5f7bfa35ff3fc5e",
    "https://esm.sh/v115/property-information@6.2.0/lib/util/schema.d.ts": "35fc1ace1046f537efd2a4f06cf58149465ccca6bc1045ee0bd27e58fcd53804",
    "https://esm.sh/v115/rehype-stringify@9.0.3/deno/rehype-stringify.mjs": "f73331ff7f981c79e0dab7933fb710012bc771da6d083a0925a749a44bbdbc6c",
    "https://esm.sh/v115/rehype-stringify@9.0.3/index.d.ts": "1b0b8b072d2de687b904590b593666a7ee8cd8a4669026b978d08654cf4005b2",
    "https://esm.sh/v115/rehype-stringify@9.0.3/lib/index.d.ts": "056541cfc66ebeeb415e3af5e6d34f263926e08cf721c02ccc108a0934e60060",
    "https://esm.sh/v115/remark-frontmatter@4.0.1/deno/remark-frontmatter.mjs": "c29f03f26eb5fd1696a921bec71f9effe32021b095323fc875f9077cdef02c18",
    "https://esm.sh/v115/remark-frontmatter@4.0.1/index.d.ts": "1e455b7eaff26000aff04a97e8e1b6eabad2cc06e9d4fa675300350a6e313b0a",
    "https://esm.sh/v115/remark-gfm@3.0.1/deno/remark-gfm.mjs": "6f808204ff2a1cbcb9e52aa3ed84396a86103a01cd9de57372e435d0aef67d64",
    "https://esm.sh/v115/remark-gfm@3.0.1/index.d.ts": "dd82e5fb950184dce9806466966741f8153e688a30990bc1c228f4bfac4ce0cc",
    "https://esm.sh/v115/remark-parse@10.0.1/deno/remark-parse.mjs": "d6aae5e96426d971a4c58d0b4bb9cb4f6c06411061a7184153b715e4e2e4dc1e",
    "https://esm.sh/v115/remark-parse@10.0.1/index.d.ts": "789a158765a2c05b15b051aadebec161cb18b242dc2093d138947c05293fa0fa",
    "https://esm.sh/v115/remark-parse@10.0.1/lib/index.d.ts": "a08c8ae303521e50b6958d17dca19da3940815358d9cb8afdda7398678e2892a",
    "https://esm.sh/v115/remark-rehype@10.1.0/deno/remark-rehype.mjs": "8023e60ea56bed37f8a497b0bcf7c7234ca1720a732e394b4f2af242b766693e",
    "https://esm.sh/v115/remark-rehype@10.1.0/index.d.ts": "5331cad4fa4c897f62fab660b568534899ca797d8eb803d819338463c0f232b6",
    "https://esm.sh/v115/remark-rehype@10.1.0/lib/index.d.ts": "1991d8e04af84cc824c58469d85b9dcd4486092745fb1ab540853569f5d383fe",
    "https://esm.sh/v115/remark-stringify@10.0.2/deno/remark-stringify.mjs": "4031f0cf6f0a7268fc60423e128865c943ea8a54ba5bb0d9debfe0a7c4a29be4",
    "https://esm.sh/v115/remark-stringify@10.0.2/index.d.ts": "64e1363f504f516f04a8006a0bdb44eed5d619288a1f2e5f1552db88fab589ba",
    "https://esm.sh/v115/remark-stringify@10.0.2/lib/index.d.ts": "9b7af4614a0ddaf612993d5576c410396dde875406c5f1dd97455224b7587c80",
    "https://esm.sh/v115/space-separated-tokens@2.0.2/deno/space-separated-tokens.mjs": "13baf5dd2d803b179d6af7b8eb3b07a66a2a7899a91b5302932c4ae6ac7afabc",
    "https://esm.sh/v115/stringify-entities@4.0.3/deno/stringify-entities.mjs": "21edf987b1a4e8b9a1711d1b8995df8edc5c4f0a035a69040e7e6a73d7eae853",
    "https://esm.sh/v115/stringify-entities@4.0.3/index.d.ts": "0bf3069ff807079ea3146c99567dc35808a0bb7f13e09fa8669b7260f9380152",
    "https://esm.sh/v115/stringify-entities@4.0.3/lib/core.d.ts": "0031b32fbaefc85371847aae06de5f4f180e9ef6d15d20337df9263bfa89e1e4",
    "https://esm.sh/v115/stringify-entities@4.0.3/lib/index.d.ts": "3e1fd20a36aa18e287ff92fba23023cad2a2b6f8472586aa652b3c1ba86c4c3c",
    "https://esm.sh/v115/stringify-entities@4.0.3/lib/util/format-smart.d.ts": "c19d7ac12ed3eba32c4a5de206abad95aff3076b9fca167964c0962796fa2ac7",
    "https://esm.sh/v115/trim-lines@3.0.1/deno/trim-lines.mjs": "09f87734682bac59fec1a842e07684a00d2434059ca1b9fbdccb250051de0187",
    "https://esm.sh/v115/trough@2.1.0/deno/trough.mjs": "622717382f255e401bc7659112f4e34b50ba30bce47bb8d68674383dfceddf36",
    "https://esm.sh/v115/unified@10.1.2/deno/unified.mjs": "7e4d429cfb172ddf02611186726ac0395c0aade990d8d26bc0155bd738b78eff",
    "https://esm.sh/v115/unified@10.1.2/index.d.ts": "5643beb1233b321762be844516ab6d19be481641d20a6e00279bd5ed6013b30d",
    "https://esm.sh/v115/unist-util-generated@2.0.1/deno/unist-util-generated.mjs": "e39ccfbc354a97b2fc3ce20bb5d20e69f179728a3a28ca866269b469f9605836",
    "https://esm.sh/v115/unist-util-is@5.2.1/deno/unist-util-is.mjs": "95fb5b25be748587bc8f40ddc5c6c3ffee74cc8bc19016db695c8cb52c1eaadb",
    "https://esm.sh/v115/unist-util-position@4.0.4/deno/unist-util-position.mjs": "276baf692b5f06e497f5ada09b7d52260bd9636410c171b54dab44f9a2a55688",
    "https://esm.sh/v115/unist-util-stringify-position@3.0.3/deno/unist-util-stringify-position.mjs": "fe173ba47eaa3af5f89a00b2b7a326bb39a14dfeacff071062a876bf41894446",
    "https://esm.sh/v115/unist-util-visit-parents@5.1.3/deno/unist-util-visit-parents.mjs": "edc47f7298b21b12a56b9d3365e4df95f25763ba00f64f01efd1071904308ed3",
    "https://esm.sh/v115/unist-util-visit@4.1.2/deno/unist-util-visit.mjs": "61188f7e267b47d295aafa1c9540065dff19a861928657c5d748ae3f9b37cdb8",
    "https://esm.sh/v115/vfile-message@3.1.4/deno/lib/index.js": "d2dc9437dbf7c3d6efeec309760c8f62b58f956d4cc52418dc78905eaaa8072e",
    "https://esm.sh/v115/vfile-message@3.1.4/deno/vfile-message.mjs": "31bd0f466c8973ae59c0e4d4b6979778b7484b8c1a0c5fc8241eaeaeb856fa44",
    "https://esm.sh/v115/vfile-message@3.1.4/index.d.ts": "79703e40043f1870bb6e562148308ec6681d033c18a6290f795af9fe04d6b20d",
    "https://esm.sh/v115/vfile-message@3.1.4/lib/index": "42e5f4c973857c77d245602147295b53828ae5f1a45cae047c1fd6dc4488316a",
    "https://esm.sh/v115/vfile-message@3.1.4/lib/index.d.ts": "2cf3863fdc3d4e7b61a5aa3a66fedb1602e266470caae18b119b1578cf983f22",
    "https://esm.sh/v115/vfile@5.3.7/deno/vfile.mjs": "d2b2eb84d854e72e1bbc091cfac458530d093255c39a93e8754675c82eecd495",
    "https://esm.sh/v115/vfile@5.3.7/index.d.ts": "3b3c84057d743497bfe6b543700f14e84841cf563240e759b584ca6afc54a4fb",
    "https://esm.sh/v115/vfile@5.3.7/lib/index.d.ts": "f891b163854e9237db123d833f258130b1c3cc04de254752b34e4b34ea51c7e8",
    "https://esm.sh/v115/vfile@5.3.7/lib/minurl.shared.d.ts": "8fa1868ab5af3818ff4746f383ea84206596e284f7dc5ffd40a0fac08ed093f9",
    "https://esm.sh/v115/zwitch@2.0.4/deno/zwitch.mjs": "83c961b515e63534a37ef4cdab9cc5c3bef527506d07c89ecefd4e55657da481"
  }
}
